
Microsoft Visual Studio Solution File, Format Version 12.00
# Visual Studio 15
VisualStudioVersion = 15.0.28307.168
MinimumVisualStudioVersion = 10.0.40219.1
Project("{FAE04EC0-301F-11D3-BF4B-00C04F79EFBC}") = "EventManager1", "EventManager1\EventManager1.csproj", "{09E29DC0-FB74-44B1-81FF-78EFDA02D538}"
EndProject
Global
	GlobalSection(SolutionConfigurationPlatforms) = preSolution
		Debug|Any CPU = Debug|Any CPU
		Release|Any CPU = Release|Any CPU
	EndGlobalSection
	GlobalSection(ProjectConfigurationPlatforms) = postSolution
		{09E29DC0-FB74-44B1-81FF-78EFDA02D538}.Debug|Any CPU.ActiveCfg = Debug|Any CPU
		{09E29DC0-FB74-44B1-81FF-78EFDA02D538}.Debug|Any CPU.Build.0 = Debug|Any CPU
		{09E29DC0-FB74-44B1-81FF-78EFDA02D538}.Release|Any CPU.ActiveCfg = Release|Any CPU
		{09E29DC0-FB74-44B1-81FF-78EFDA02D538}.Release|Any CPU.Build.0 = Release|Any CPU
	EndGlobalSection
	GlobalSection(SolutionProperties) = preSolution
		HideSolutionNode = FALSE
	EndGlobalSection
	GlobalSection(ExtensibilityGlobals) = postSolution
		SolutionGuid = {3C664388-9B7D-4C7B-B0B0-C5CDF1DA9A17}
	EndGlobalSection
EndGlobal
